# This file was autogenerated by Stack.
# You should not edit this file by hand.
# For more information, please see the documentation at:
#   https://docs.haskellstack.org/en/stable/lock_files

packages:
- completed:
    hackage: base-4.19.0.0@sha256:f8d40d8ef08249228674f64a00d4a6eb06a1d667755992b2336628db20d7d460,13261
    pantry-tree:
      sha256: 0429b67c818737cc8a8a8a56a7269ba591da7dacd61398db2e1e42810c666619
      size: 21393
  original:
    hackage: base-4.19.0.0
- completed:
    hackage: binary-0.8.9.1@sha256:81f468c1c75fd6535152ab69b2d32ac6cfcc03e345267b069abe4da56ec95801,6523
    pantry-tree:
      sha256: 956ecd662408f69615977b87a92e042abcdc447b7824b8aabf5788c4393c10c5
      size: 1976
  original:
    hackage: binary-0.8.9.1
- completed:
    hackage: bytestring-0.12.0.2@sha256:9fc077ff5b7ed2246773c3ac4370ef8822e4834d4587522b68ae551a5968fb86,7891
    pantry-tree:
      sha256: 05b5b3ef529f137062c632c38d9c94482ee25bcc0438d51a4be5448dafe690c9
      size: 4355
  original:
    hackage: bytestring-0.12.0.2
- completed:
    hackage: containers-0.6.8@sha256:bb2bec1bbc6b39a7c97cd95e056a5698ec45beb5d8feb6caae12af64e4bd823c,2670
    pantry-tree:
      sha256: 62d0b7f21a9f298867bbf0acae201d1fe4e32d309b4085a52c037eb551852811
      size: 2954
  original:
    hackage: containers-0.6.8
- completed:
    hackage: directory-1.3.8.1@sha256:bd3b0a0947a365d2da80b9f4a960a864d42ffa7a46577fdc7a0611703486a7f9,3071
    pantry-tree:
      sha256: f60c4c14a20e88daae7c6fba4421245ca254a1c048302ba2197e3622a808d343
      size: 3519
  original:
    hackage: directory-1.3.8.1
- completed:
    hackage: filepath-1.4.100.4@sha256:2de84756d3907308230e34fcc7c1917a73f218f6d53838618b7d5b95dd33e2c3,5536
    pantry-tree:
      sha256: 3f8869f574ea76933efe77ed3c6e4e5a646317b38e8962970c8d0d092266f230
      size: 3346
  original:
    hackage: filepath-1.4.100.4
- completed:
    hackage: ghc-prim-0.11.0@sha256:2fe4921ec62a1655c7598b466c4e05bb9eb7ae5cdf7cef230d1258e7764ee089,3201
    pantry-tree:
      sha256: f383904fcbeca25954ac6dc1a75ad0c0d6d1332ad5e928da090a30d0ea00c188
      size: 1601
  original:
    hackage: ghc-prim-0.11.0
- completed:
    hackage: haskeline-0.8.2.1@sha256:de3ea3ef41a19c9b04d4f4004d867fc286fca948db6aedb0bad32b99408abaee,6024
    pantry-tree:
      sha256: d9e282839b89b15110727b68cdd0d9539897b86954a922fbcdfc2961775a936f
      size: 2955
  original:
    hackage: haskeline-0.8.2.1
- completed:
    hackage: mtl-2.3.1@sha256:5377696d7315e2ef31a8d15d67b22d733c20cac2caf8b26756ff8524c8217e6d,1868
    pantry-tree:
      sha256: ac3cf1dc9ef397512d4bf8f2c3fbe4d64fb8aabd253288b34bf86c09ae234d4f
      size: 1853
  original:
    hackage: mtl-2.3.1
- completed:
    hackage: parsec-3.1.17.0@sha256:6cf18e59d9f1c5b40385457b82ab679dc18d3c5bd3c2c67b2f94e1e8732e6624,5119
    pantry-tree:
      sha256: cca87377fcfe25583e1f7aadc4971111a86c2e66002dffa304be92f294db32c8
      size: 2810
  original:
    hackage: parsec-3.1.17.0
- completed:
    hackage: process-1.6.18.0@sha256:cd0a3e0376b5a8525983d3131a31e52f9ffefc278ce635eec45a9d3987b8be3e,3025
    pantry-tree:
      sha256: 3f9fef1f9a6ed1a6923578ada0bc8c16d016344cc67614473384524334463cc2
      size: 1675
  original:
    hackage: process-1.6.18.0
- completed:
    hackage: template-haskell-2.21.0.0@sha256:652035b6aacf28859fd798d224b05a587e8ca75d5fc888dc535d28c990d1eda8,2150
    pantry-tree:
      sha256: d6467436ad2b2a944576ce083f4f752b31c1bd083a479716d93df06e347e252f
      size: 1169
  original:
    hackage: template-haskell-2.21.0.0
- completed:
    hackage: time-1.12.2@sha256:88e8493d9130038d3b9968a2530a0900141cd3d938483c83dde56e12b875ebc8,6510
    pantry-tree:
      sha256: de0ab314661da3788b5dad20254e44929b1659b00d32b5a0cd54922a05e006e8
      size: 7264
  original:
    hackage: time-1.12.2
- completed:
    hackage: HTTP-4000.4.1@sha256:0e37572590743e49d7a610f472e1618a594dc861410846f64d9f2347923c4f5b,6064
    pantry-tree:
      sha256: dc4fab2c6ce465b760150761d83fb074fda709df100cf0e98550c02486455f70
      size: 1428
  original:
    hackage: HTTP-4000.4.1
- completed:
    hackage: SHA-1.6.4.4@sha256:3b7523df3e2186ae8c5ac78c745efb586814afe9c775b886a747556d9f4d429c,4920
    pantry-tree:
      sha256: c03bb11d42a31b3d371761f0b48adc4ca8ed43393c37130a2de788db02d090ae
      size: 326
  original:
    hackage: SHA-1.6.4.4
- completed:
    hackage: ansi-terminal-1.0@sha256:640ffecfd95471388d939fcacb57bdc0cef15f0457746c234a12cdd5a6c6d1e8,2706
    pantry-tree:
      sha256: d2028688664a01877fcbf4a7dc820574bec07f17393e570a98c00c49cd28d5cf
      size: 1061
  original:
    hackage: ansi-terminal-1.0
- completed:
    hackage: ansi-wl-pprint-0.6.9@sha256:fb737bc96e2aef34ad595d54ced7a73f648c521ebcb00fe0679aff45ccd49212,2448
    pantry-tree:
      sha256: ebb02b32915c04146b193949c3c48d9e8200c152f38947e8d23ca25b0997e188
      size: 472
  original:
    hackage: ansi-wl-pprint-0.6.9
- completed:
    hackage: edit-distance-0.2.2.1@sha256:4d33a49cd383d50af090f1b888642d10116e43809f9da6023d9fc6f67d2656ee,2351
    pantry-tree:
      sha256: 3bacdb1eee02a3b3e81dcb6a58b685d595a6614fa243cfdfd3e695a4c533944a
      size: 1008
  original:
    hackage: edit-distance-0.2.2.1
- completed:
    hackage: file-embed-0.0.15.0@sha256:18beed8999dff37bcffd0d1d8a59dcd406be8e517c10213afefc941091985c06,1426
    pantry-tree:
      sha256: 19e38c295f02ea4cf3891ccb8048ed10d426b937bb14215f64aadc0cd62bda72
      size: 478
  original:
    hackage: file-embed-0.0.15.0
- completed:
    hackage: filelock-0.1.1.7@sha256:3da4e24e3bf3b9bd55f112a89becb367cb51cb7d6226a4fbb55a944ed2aa144e,1902
    pantry-tree:
      sha256: 12a16114276086549ada27b75669e1933b581a9e8848dd6334aa717567afe105
      size: 593
  original:
    hackage: filelock-0.1.1.7
- completed:
    hackage: http-client-0.7.15@sha256:a343d3ef1b00dfd676e10a9de3217e620b4b7e966b9577cb992b826eadebfa13,5613
    pantry-tree:
      sha256: b43d81b7aae2fe936c77c9ad15f4988807ea63a14cd76cc17d8c92fd9a89d3fd
      size: 2547
  original:
    hackage: http-client-0.7.15
- completed:
    hackage: http-client-tls-0.3.6.3@sha256:a5909ce412ee65c141b8547f8fe22236f175186c95c708e86a46b5547394f910,2046
    pantry-tree:
      sha256: a5659b6051a40039eec1db4b5350a232e2dced7a557917082a39623cfc605323
      size: 435
  original:
    hackage: http-client-tls-0.3.6.3
- completed:
    hackage: http-types-0.12.3@sha256:f35229edb1bc7b3ae27f961b2407dadb5bfa69d43a8f5337ab46cdc79ca4afe9,2035
    pantry-tree:
      sha256: c9b77e1ba204fffbe4e1be80412bc48e47440a07e4b7db4cdc77d573a3e21b9a
      size: 833
  original:
    hackage: http-types-0.12.3
- completed:
    hackage: language-glsl-0.3.0@sha256:85c1e7bf2cf5d6e604b7a2899c27e2935033425944db200798e57849e64d4c81,1636
    pantry-tree:
      sha256: 64800d879b2d864171f72a7a717883540a0607d2d5ffb3be3378299fa80fdce5
      size: 582
  original:
    hackage: language-glsl-0.3.0
- completed:
    hackage: network-3.1.4.0@sha256:e152cdb03243afb52bbc740cfbe96905ca298a6f6342f0c47b3f2e227ff19def,5208
    pantry-tree:
      sha256: 051aa7831a4f34a627cda46cdcc1c49b87790878a76aa3cb62e7e0490287fd9a
      size: 3977
  original:
    hackage: network-3.1.4.0
- completed:
    hackage: raw-strings-qq-1.1@sha256:3ea0f14f036649e3576749aef0db4dd0b1102c5331f2e0e2551250e2030ce669,1467
    pantry-tree:
      sha256: 473e62ea5320c8734f66049e48b308dd0ab197c6d3071c8ca1a828b05b7536ae
      size: 379
  original:
    hackage: raw-strings-qq-1.1
- completed:
    hackage: scientific-0.3.7.0@sha256:909755ab19b453169ff85281323da1488407776b2360bd9f7afdd219fd306ef2,4869
    pantry-tree:
      sha256: 00e74ee83063c8c5cf5c726d9ed079a7f67051f3ddd9e2ecbbe3c6ea06271061
      size: 657
  original:
    hackage: scientific-0.3.7.0
- completed:
    hackage: snap-core-1.0.5.1@sha256:e84e14c59ef925cf83312103449e4253800489d051991675b747ee5bcc6dda4e,9502
    pantry-tree:
      sha256: 58715afcb05dfac897b3a4ab3dd8e34f99f17c65d470f589202ef62ead8453ca
      size: 3429
  original:
    hackage: snap-core-1.0.5.1
- completed:
    hackage: snap-server-1.1.2.1@sha256:8ea05b9b068c1e86be77073107eadc177d7eec93724963c063877478a062b229,15471
    pantry-tree:
      sha256: ddeae933a2dfb19eebe466b1be5014b002154f18624e654086b13fe4bb56c0fd
      size: 3313
  original:
    hackage: snap-server-1.1.2.1
- completed:
    hackage: unordered-containers-0.2.19.1@sha256:1c28ca429e3960de0330908579a427ccacddd700cb84ec1969e2bbe576152add,3698
    pantry-tree:
      sha256: e26f35bfab576bd80e7229e3ed9b8b5e7d83c16cf1a679b9608e4862e9acc141
      size: 1517
  original:
    hackage: unordered-containers-0.2.19.1
- completed:
    hackage: utf8-string-1.0.2@sha256:79416292186feeaf1f60e49ac5a1ffae9bf1b120e040a74bf0e81ca7f1d31d3f,1538
    pantry-tree:
      sha256: 0863c3c9b6ee24dd38873c62e38ac46dd50aff2ea6b362beadf7f9b4a273c75f
      size: 601
  original:
    hackage: utf8-string-1.0.2
- completed:
    hackage: vector-0.13.1.0@sha256:4650d28eb918812a3158130f833b5ff5020259b28a8f9ee5d28701ce60cf8a16,8997
    pantry-tree:
      sha256: 95f9de9661f337919716dcc3349dc63df3d0d136756d39bc269c10aaaadd9e7d
      size: 4093
  original:
    hackage: vector-0.13.1.0
- completed:
    hackage: zip-archive-0.4.3@sha256:9d2ab429447514f0c4b77b794e1ffeea70def69ec0e92a16122a2c4a20dfb31d,3915
    pantry-tree:
      sha256: 411fb3c092f5678214f26d73de8dbf7c9021350c4b1db2a2c20688e047b1b022
      size: 878
  original:
    hackage: zip-archive-0.4.3
- completed:
    hackage: network-uri-2.6.4.2@sha256:6fffb57373962b5651a2db8b0af732098b3bf029a7ced76a9855615de2026588,3217
    pantry-tree:
      sha256: 659f5e9fabda559f1aff6b64d04cf8adfd69bdda535c896fe90289f307a071c9
      size: 551
  original:
    hackage: network-uri-2.6.4.2
- completed:
    hackage: ansi-terminal-types-0.11.5@sha256:f78440dfd95c4509e88855ac7cc2d9566ddf956a92c1290404cac93ad1a1b00a,1482
    pantry-tree:
      sha256: 0a03e697837c4fae43543f3be0fcf9d88157ba637fbd1b656fc8bf79b1656a14
      size: 291
  original:
    hackage: ansi-terminal-types-0.11.5
- completed:
    hackage: colour-2.3.6@sha256:ebdcbf15023958838a527e381ab3c3b1e99ed12d1b25efeb7feaa4ad8c37664a,2378
    pantry-tree:
      sha256: 03f8e22f364deb86098dbfbe0bf83c896437b2355f139abdac0402658fb6ac7e
      size: 1183
  original:
    hackage: colour-2.3.6
- completed:
    hackage: random-1.2.1.1@sha256:e7c1f881159d5cc788619c9ee8b8f340ba2ff0db571cdf3d1a1968ebc5108789,6777
    pantry-tree:
      sha256: adc460de1e12074b8fb5634330089e11aeeac02b02716ba15b9f4de6fa1de425
      size: 1528
  original:
    hackage: random-1.2.1.1
- completed:
    hackage: async-2.2.5@sha256:957d5ca4496e7048e3e78f108dbdc3e391eafe60b50417486e4c28957d430b05,3248
    pantry-tree:
      sha256: 63ef4cebc9fea9418ec39caf19674f5828abfa6eef993f174130dcc6a61d3da5
      size: 578
  original:
    hackage: async-2.2.5
- completed:
    hackage: base64-bytestring-1.2.1.0@sha256:45305ccf8914c66d385b518721472c7b8c858f1986945377f74f85c1e0d49803,2502
    pantry-tree:
      sha256: 9e58b1adc5eb2805118c1539d325363d94043370671fb0f13fbe90aaeea3ff44
      size: 850
  original:
    hackage: base64-bytestring-1.2.1.0
- completed:
    hackage: blaze-builder-0.4.2.3@sha256:3f2ff408e858e3ecac30183f98bbb14ce6cf6314c654bd9107e51defd386d5ef,3733
    pantry-tree:
      sha256: 27526b67dbacc5a88687042108af919ab7f4707fa3a15ef36001f3754d17fde1
      size: 3101
  original:
    hackage: blaze-builder-0.4.2.3
- completed:
    hackage: case-insensitive-1.2.1.0@sha256:9dfd3171fc7698cf8d931727d3af3a7b389135b583e46b5adac1f9d2026fff61,2244
    pantry-tree:
      sha256: d6f175b17eacce002fc5336c17e119d989bd97f8ad9702446163c9e27c7c79b7
      size: 688
  original:
    hackage: case-insensitive-1.2.1.0
- completed:
    hackage: cookie-0.4.6@sha256:00f3a7d5604a3ccbfe89b9c52f8eb1edea753dc273d015333895118f32683ecd,1517
    pantry-tree:
      sha256: 8761320dd1ea21f2dee85336e05b6875503e83ddb66274614998ff91abe54d62
      size: 360
  original:
    hackage: cookie-0.4.6
- completed:
    hackage: iproute-1.7.12@sha256:85d181599fab8ceebf4c849110ad571bea2834d6c8c95ae7da33856c42453f40,2999
    pantry-tree:
      sha256: 0f4179868c6f644d7ba8d4d6ccaefd13ae17ff1cd188c924ef4c2db40d1c4f02
      size: 962
  original:
    hackage: iproute-1.7.12
- completed:
    hackage: mime-types-0.1.2.0@sha256:3ddd330c16da943651db37e237d44dc0593ef9b1a63d39e98a48811644615bf6,862
    pantry-tree:
      sha256: c76b4099b4766a26444a41632db85a2602fc3613db9ab80aec0ba3a53bbd7cb8
      size: 312
  original:
    hackage: mime-types-0.1.2.0
- completed:
    hackage: streaming-commons-0.2.2.6@sha256:d5c6fb99efd4e71bdb0351d55f2d87e16c11880f42998e39363eb63f057ae24b,4827
    pantry-tree:
      sha256: b52478861075b62672f1541aafe00021d204fa830b7b999fa7d30e48b8533dc1
      size: 2374
  original:
    hackage: streaming-commons-0.2.2.6
- completed:
    hackage: hashable-1.4.3.0@sha256:f3bf68acfa0df7a064a378ef2cdcfeb55e6fb96100675f4c593556dcbf3d7194,4718
    pantry-tree:
      sha256: abef0611d6a717ba351317bdb603ef536659e7767a49ba81b2dbe20994065c7d
      size: 1248
  original:
    hackage: hashable-1.4.3.0
- completed:
    hackage: data-default-class-0.1.2.0@sha256:63e62120b7efd733a5a17cf59ceb43268e9a929c748127172d7d42f4a336e327,542
    pantry-tree:
      sha256: 5017630b11698aefa65fc61cab84a257ce97833c968d425e1b2d53d6c3b5c096
      size: 224
  original:
    hackage: data-default-class-0.1.2.0
- completed:
    hackage: crypton-0.34@sha256:9e4b50d79d1fba681befa08151db7223d2b4bb72564853e8530e614105d53a1a,14577
    pantry-tree:
      sha256: 85f438e6d328fc2e464c8914a08089ff312044b96ac155a25747512e440e0a12
      size: 23275
  original:
    hackage: crypton-0.34
- completed:
    hackage: crypton-connection-0.3.1@sha256:4d0958537197956b536ea91718b1749949757022532f50b8f683290056a19021,1581
    pantry-tree:
      sha256: e35ac3a35611afab9fafac633d0c4e6328b9cce4c8262378671d6c5a739e7e70
      size: 394
  original:
    hackage: crypton-connection-0.3.1
- completed:
    hackage: memory-0.18.0@sha256:e12bde756b01c1a28c62e46f0f8433c4890898051a786794a7d88907ca14abca,4468
    pantry-tree:
      sha256: 55d15393452ad50b1f8dbe3ff2c4961a3cde9381f2c348f904449a3339c6951d
      size: 2436
  original:
    hackage: memory-0.18.0
- completed:
    hackage: tls-1.9.0@sha256:8ad332dc0224decb1b137bf6c9678b4f786487b9aaa5c9068cd3ad19d42c39a7,5571
    pantry-tree:
      sha256: 91d022739795013aad4d5fee48ff5248623ed4cc83a611c9aa7c52e21766221b
      size: 4897
  original:
    hackage: tls-1.9.0
- completed:
    hackage: basement-0.0.16@sha256:e9458cbe67f396fb81900ec65852a582a2b7febd09b17a85adee576c8d7cc321,5404
    pantry-tree:
      sha256: 868afcc62edd1c3af6405ee0a5d1bcc0cdc0919114e26299c7fd63706c750973
      size: 5799
  original:
    hackage: basement-0.0.16
- completed:
    hackage: crypton-x509-1.7.6@sha256:c567657a705b6d6521f9dd2de999bf530d618ec00f3b939df76a41fb0fe94281,2339
    pantry-tree:
      sha256: 729e7db8dfc0a8b43e08bbd8d1387c9065e39beda6ac39e0fb9f10140810a3eb
      size: 1080
  original:
    hackage: crypton-x509-1.7.6
- completed:
    hackage: crypton-x509-store-1.6.9@sha256:422b9b9f87a7382c66385d047615b16fc86a68c08ea22b1e0117c143a2d44050,1750
    pantry-tree:
      sha256: 87654d130a7f987ee139c821a1be45736d18df9fa4cb1142c4e054d3802338f3
      size: 406
  original:
    hackage: crypton-x509-store-1.6.9
- completed:
    hackage: crypton-x509-system-1.6.7@sha256:023ed573d82983bc473a37a89e0434a085b413be9f68d07e085361056afd4637,1532
    pantry-tree:
      sha256: c0ca49e6a9537f3fdb7b47c5cfe93f7d744a369bf9d089f3c668b9c2d97402b7
      size: 399
  original:
    hackage: crypton-x509-system-1.6.7
- completed:
    hackage: crypton-x509-validation-1.6.12@sha256:85989721b64be4b90de9f66ef641c26f57575cffed1a50d707065fb60176f386,2227
    pantry-tree:
      sha256: d4a0135f11218614fcd912cffaf54de8f749caca8696380e2589cbcfd64cc681
      size: 639
  original:
    hackage: crypton-x509-validation-1.6.12
- completed:
    hackage: socks-0.6.1@sha256:ac190808eea704672df18f702e8f2ad0b7a4d0af528e95ee55ea6ee0be672e2a,1258
    pantry-tree:
      sha256: 53d29c06c42e737ae99660e077c7c4b286f1272b3394ad7f74163867a5b3b8fa
      size: 692
  original:
    hackage: socks-0.6.1
- completed:
    hackage: asn1-encoding-0.9.6@sha256:27ed8f6043aed79630313bb931f7c8e2b510f0b4586cd55c16ae040c7d1ea098,2060
    pantry-tree:
      sha256: 09963511234ed8fdd0682b10e8366de5105cc513d4daa014d7990496b788b122
      size: 981
  original:
    hackage: asn1-encoding-0.9.6
- completed:
    hackage: asn1-parse-0.9.5@sha256:77c0126d63070df2d82cb4cfa4febb26c4e280f6d854bc778c2fa4d80ce692b8,976
    pantry-tree:
      sha256: 2a6766aa05af5b045ff2d097b5f99621f983d471e254079ef4e56acff26b2248
      size: 212
  original:
    hackage: asn1-parse-0.9.5
- completed:
    hackage: asn1-types-0.3.4@sha256:8e879b3a5bbdd0031232eb84d904b5a3a2c20a18847692b996d774f4ff811355,1025
    pantry-tree:
      sha256: 254adba538008f12853e83b8909ba11ef11e9b8bcb1edc3a97dc6fdb29dad45a
      size: 525
  original:
    hackage: asn1-types-0.3.4
- completed:
    hackage: hourglass-0.2.12@sha256:e083f5e030dfebe432e30a9c0fa07a99a54eac992f622442646be561fd7a44e8,3085
    pantry-tree:
      sha256: 2b452cfac948057203679468e3e856e7fdf884c3c051f42bc52ba6253ca896e0
      size: 1605
  original:
    hackage: hourglass-0.2.12
- completed:
    hackage: pem-0.2.4@sha256:cc8e62118b783e284dc0fa032f54fe386a3861a948ec88079370a433c103a705,1441
    pantry-tree:
      sha256: 2413dd2c97c72d6e00330057b158973faa6336de068a9be4d6fdcfd474485f77
      size: 425
  original:
    hackage: pem-0.2.4
- completed:
    hackage: appar-0.1.8@sha256:a5d529bacbb74d566e4c5f9479af0637eac5957705f6db4d2670517489795de8,1070
    pantry-tree:
      sha256: c8bae7bc8c04b6c3593b48f19f1d626face90832f268f6857aba934bccd4272d
      size: 506
  original:
    hackage: appar-0.1.8
- completed:
    hackage: byteorder-1.0.4@sha256:a952817dcbe20af0346fb55a28c13e95e2ddbf3e99f9b4fffdc063f150f13b20,636
    pantry-tree:
      sha256: 1544dc41983f7fe963740d9a8ce2aec1daef17bcb0916fda253dbfa73a14c77a
      size: 212
  original:
    hackage: byteorder-1.0.4
- completed:
    hackage: prettyclass-1.0.0.0@sha256:263553048e05e1aa43532752ec97e5b1cc7f8d77c4bccc96312fb0e48c0598f4,521
    pantry-tree:
      sha256: d471f4f20e74379bb7d81e86dc15de60c0362b13a118e43ba002cf9b7b640ba3
      size: 185
  original:
    hackage: prettyclass-1.0.0.0
- completed:
    hackage: th-compat-0.1.4@sha256:3e7d1b8f9c72cab04c8dfdfd26589dd7f31e015ad640a207aca3b654577532ff,3224
    pantry-tree:
      sha256: 22abff303e4ee9faaa1e0a1aa8237a94341f67435f300d0dfdf2325950cd7257
      size: 530
  original:
    hackage: th-compat-0.1.4
- completed:
    hackage: splitmix-0.1.0.5@sha256:bac0ae8d46a04e410666b0c8081cff63f060f29157983b569ca86ddb6e6e0dc6,6557
    pantry-tree:
      sha256: 21542f9e952b68b85d361ea938d342fccfabfbed90dce50c98601e02878ae96d
      size: 1519
  original:
    hackage: splitmix-0.1.0.5
- completed:
    hackage: integer-logarithms-1.0.3.1@sha256:4d0dfc334e64ff57bb1a08717afa4a4a7f28e4cdc46615dd287be31ef63ec00d,3278
    pantry-tree:
      sha256: 588b5bd9e214bda6de99f5ab2f9affc6af6aea688d150fa29662ea9ff3583622
      size: 865
  original:
    hackage: integer-logarithms-1.0.3.1
- completed:
    hackage: primitive-0.9.0.0@sha256:1ceb39f67c0e614180f2992a6d30f26603ab2cd23c4f8e25b30213f98807f6f1,3141
    pantry-tree:
      sha256: ebf0e03c7ca2f607d30cceeda49dc1f82a652177131f8922ac37846603421246
      size: 1793
  original:
    hackage: primitive-0.9.0.0
- completed:
    hackage: HUnit-1.6.2.0@sha256:1a79174e8af616117ad39464cac9de205ca923da6582825e97c10786fda933a4,1588
    pantry-tree:
      sha256: 4f20a5a33866171260d0ee1e256c27f53cc84d37a68d498c3e12347f4e3d05b4
      size: 878
  original:
    hackage: HUnit-1.6.2.0
- completed:
    hackage: attoparsec-0.14.4@sha256:ec709539b881d6431620bd7c40fbfa680aaf4a98c6f35b51536d8f455682b1ae,5703
    pantry-tree:
      sha256: 859a99c7b716d7288a4d8ada61c036e5715485bca5ea4e379f113ccbf06d8a5c
      size: 5039
  original:
    hackage: attoparsec-0.14.4
- completed:
    hackage: bytestring-builder-0.10.8.2.0@sha256:6b2b812cdac53f5a2c82376a416dde04adbb5ca3e1604c0d075368a0498f762b,3781
    pantry-tree:
      sha256: cbfed55bf3b55fa213e9635423b69db89ff797e68b29bd8f9e62eef843c3524b
      size: 1393
  original:
    hackage: bytestring-builder-0.10.8.2.0
- completed:
    hackage: io-streams-1.5.2.2@sha256:4c2c45cfd936e84696b0ecbb934fbdc661613fd5047d99049d59e186b7ab47a0,9709
    pantry-tree:
      sha256: eb8480c6d9a0fb371830bc7d8f4f1dd5cd7e3e802021eac67ec0787d013ed189
      size: 3465
  original:
    hackage: io-streams-1.5.2.2
- completed:
    hackage: lifted-base-0.2.3.12@sha256:e94ad0692c9c5d85c373e508f23654f2da8ac8c3e475c2b65ffbc04fb165ad69,3369
    pantry-tree:
      sha256: a1d78bdab90ed2863854f825f6ab277e5df0af856fec06ac1c39131e8019aef5
      size: 1129
  original:
    hackage: lifted-base-0.2.3.12
- completed:
    hackage: monad-control-1.0.3.1@sha256:2d657279839e1a760c86a69f00f0c36473ef6972d413ec0f83a40249c70e098e,2365
    pantry-tree:
      sha256: f6b2e10b7ad03cbc2bd1df28543c9d514d54bd39833e318b48e5f0998d876df5
      size: 292
  original:
    hackage: monad-control-1.0.3.1
- completed:
    hackage: old-locale-1.0.0.7@sha256:fa998be2c7e00cd26a6e9075bea790caaf3932caa3e9497ad69bc20380dd6911,1071
    pantry-tree:
      sha256: 462ef15cb35164d585aa3860f717c9685fbf05578330490860abd544381d2e24
      size: 263
  original:
    hackage: old-locale-1.0.0.7
- completed:
    hackage: readable-0.3.1@sha256:ea550740bbee9ae46c6bbf1c5e5185818a1d37509b855c640b0a7f2dfba6dc37,1121
    pantry-tree:
      sha256: a93d2c4e208cf064a8b1e8087d7a8ea77c263115e7ba18f3ef6abe935548faca
      size: 313
  original:
    hackage: readable-0.3.1@rev:1
- completed:
    hackage: regex-posix-0.96.0.1@sha256:816d6acc560cb86672f347a7bef8129578dde26ed760f9e79b4976ed9bd7b9fd,2925
    pantry-tree:
      sha256: ea6a3adfad8fb41a761b71afb057454a41eb76fc3f75c926d0bda90588b20529
      size: 748
  original:
    hackage: regex-posix-0.96.0.1
- completed:
    hackage: transformers-base-0.4.6@sha256:6f18f320e371c8954c4b6b211e2fdd5d15a6d6310bd605b9d640f47ede408961,1643
    pantry-tree:
      sha256: 6c2d24a9678865e2a5f4b6286cb17228673a6987fb546bf07b89ffbd19716ad2
      size: 275
  original:
    hackage: transformers-base-0.4.6
- completed:
    hackage: unix-compat-0.7@sha256:651fa34c14d9c05c1bbd508271a971e39d99e2b415518f100a17b84174ab6625,3566
    pantry-tree:
      sha256: f1bb357d4843258439d94f79ce632db01bf181524577b4c9eb2fb41ecaf7dd3c
      size: 1196
  original:
    hackage: unix-compat-0.7
- completed:
    hackage: call-stack-0.4.0@sha256:ac44d2c00931dc20b01750da8c92ec443eb63a7231e8550188cb2ac2385f7feb,1200
    pantry-tree:
      sha256: 04134fa69cdd824b4e4bb7f77e7173e0705f27deabdbbf99549c549400191e1e
      size: 501
  original:
    hackage: call-stack-0.4.0
- completed:
    hackage: zlib-bindings-0.1.1.5@sha256:0c6f9f81832af2473281fd58631aff8c6bbad24191e00d2a5a6ae2479249043b,1641
    pantry-tree:
      sha256: 58fd9cd38b0899c77bb96904fc8293afdb58ac400b441f9cb772e39db77c0451
      size: 984
  original:
    hackage: zlib-bindings-0.1.1.5
- completed:
    hackage: transformers-compat-0.7.2@sha256:044fb9955f63ee138fcebedfdcbe54afe741f2d5892a2d0bdf3a8052bd342643,5601
    pantry-tree:
      sha256: f49610c6a2faf82111e5d4222576f4afbcfa904bf56665232c5aa077dfc7578f
      size: 1724
  original:
    hackage: transformers-compat-0.7.2
- completed:
    hackage: regex-base-0.94.0.2@sha256:0322b2fcd1358f3355e0c8608efa60d27b14d1c9d476451dbcb9181363bd8b27,2601
    pantry-tree:
      sha256: c20b2715d5c222d86be55cf991958cfddb9273743a90d522d268f9c9028eda6c
      size: 531
  original:
    hackage: regex-base-0.94.0.2
- completed:
    hackage: clock-0.8.4@sha256:b938655b00cf204ce69abfff946021bed111d2609a9f7a9c22e28a1a202e9115,4631
    pantry-tree:
      sha256: 0ca511f7ea409e65a9de5539f265bb906a3eec6a4ac1a201731a8a328120cc88
      size: 499
  original:
    hackage: clock-0.8.4
- completed:
    hackage: io-streams-haproxy-1.0.1.0@sha256:460343688e4ba110d6ffea589a4a65142013802826973244b75b8a07cfa7ff0d,3149
    pantry-tree:
      sha256: cc1d745576f625efb1f82c5af333d7359fc1587b617888ae37542f700cb50503
      size: 589
  original:
    hackage: io-streams-haproxy-1.0.1.0
- completed:
    hackage: cereal-0.5.8.3@sha256:87a227c7b510217ea059db3dd59d9665edd8f0d1d3d8de39458e371a1d9402fb,2767
    pantry-tree:
      sha256: 2d570ae699908d131b63fe176115809982f86ec4589cdbf42848aa2ca79209cb
      size: 641
  original:
    hackage: cereal-0.5.8.3
- completed:
    hackage: zlib-0.6.3.0@sha256:19eb7759af71957811d5ec10ddb1e2f4c98700ddb9c0da6860c0441d811f0e6d,5325
    pantry-tree:
      sha256: 75218726251f3511a5d175d5434158b43e9d4810dbb4e9c0ff56a8489d1b4cf8
      size: 2622
  original:
    hackage: zlib-0.6.3.0
- completed:
    hackage: unix-time-0.4.11@sha256:fa364ad737e5aa415ca4a4c7f28da4b40d88d70d79348cddb24a1ab3391a0aeb,2547
    pantry-tree:
      sha256: e01fbdd71a30928d1c7032d9715e5c0d6a512fb21688b2d1b6ebecd8bbdceb2b
      size: 1017
  original:
    hackage: unix-time-0.4.11
- completed:
    hackage: base-orphans-0.9.1@sha256:c4733d09f798fc4304e936924a1a7d9fc2425aefad6c46ad4592035254b46051,3220
    pantry-tree:
      sha256: 7675c51e8d87899f8749f3140349771c977f9ff7497e896aead1bbae9d570c74
      size: 1272
  original:
    hackage: base-orphans-0.9.1
- completed:
    hackage: old-time-1.1.0.3@sha256:c91fbb3ee73d20ccd015842b30f1f29a304893ebe0ae3128b7bbc13d5bb0d4c8,1328
    pantry-tree:
      sha256: 890bbbdf4175a409efd7c7c9fe153b71680e33bebeb74c9351d7d9d3a59d3d0e
      size: 810
  original:
    hackage: old-time-1.1.0.3
- completed:
    hackage: vector-stream-0.1.0.0@sha256:8977959d4bec54d9f2c5e9d4baa2cac7ab26e804a72591df8db887e0692ae8ae,1404
    pantry-tree:
      sha256: 7c7639aca99f827d1abdae925b207d1331eaacecdb3185d7f38bec132191a348
      size: 325
  original:
    hackage: vector-stream-0.1.0.0
- completed:
    hackage: digest-0.0.1.7@sha256:94a3ae05f3f6186a9bc3de79929815c3bf11eaae186ddef4e6708ba7fc240372,1486
    pantry-tree:
      sha256: 5771897629e10f2e4123c2b8d7a2ac3a993b58600997a33e0672363b20390830
      size: 519
  original:
    hackage: digest-0.0.1.7
snapshots: []
